
Microsoft Visual Studio Solution File, Format Version 12.00
# Visual Studio Version 17
VisualStudioVersion = 17.13.35931.197
MinimumVisualStudioVersion = 10.0.40219.1
Project("{FAE04EC0-301F-11D3-BF4B-00C04F79EFBC}") = "Tabletennis", "Tabletennis\Tabletennis.csproj", "{B8753E57-0D5C-40F8-89CD-D5B0E58A9138}"
EndProject
Project("{FAE04EC0-301F-11D3-BF4B-00C04F79EFBC}") = "DataAccessLayer", "DataAccessLayer\DataAccessLayer.csproj", "{0BC8EF9D-3E40-4DD4-8CAE-4192CC6B6480}"
EndProject
Global
	GlobalSection(SolutionConfigurationPlatforms) = preSolution
		Debug|Any CPU = Debug|Any CPU
		Release|Any CPU = Release|Any CPU
	EndGlobalSection
	GlobalSection(ProjectConfigurationPlatforms) = postSolution
		{B8753E57-0D5C-40F8-89CD-D5B0E58A9138}.Debug|Any CPU.ActiveCfg = Debug|Any CPU
		{B8753E57-0D5C-40F8-89CD-D5B0E58A9138}.Debug|Any CPU.Build.0 = Debug|Any CPU
		{B8753E57-0D5C-40F8-89CD-D5B0E58A9138}.Release|Any CPU.ActiveCfg = Release|Any CPU
		{B8753E57-0D5C-40F8-89CD-D5B0E58A9138}.Release|Any CPU.Build.0 = Release|Any CPU
		{0BC8EF9D-3E40-4DD4-8CAE-4192CC6B6480}.Debug|Any CPU.ActiveCfg = Debug|Any CPU
		{0BC8EF9D-3E40-4DD4-8CAE-4192CC6B6480}.Debug|Any CPU.Build.0 = Debug|Any CPU
		{0BC8EF9D-3E40-4DD4-8CAE-4192CC6B6480}.Release|Any CPU.ActiveCfg = Release|Any CPU
		{0BC8EF9D-3E40-4DD4-8CAE-4192CC6B6480}.Release|Any CPU.Build.0 = Release|Any CPU
	EndGlobalSection
	GlobalSection(SolutionProperties) = preSolution
		HideSolutionNode = FALSE
	EndGlobalSection
	GlobalSection(ExtensibilityGlobals) = postSolution
		SolutionGuid = {C3A53BA4-9387-40E4-993F-398C4F532EE1}
	EndGlobalSection
EndGlobal
